
Microsoft Visual Studio Solution File, Format Version 11.00
# Visual Studio 2010
Project("{FAE04EC0-301F-11D3-BF4B-00C04F79EFBC}") = "CoreAudioApi", "CoreAudioApi\CoreAudioApi.csproj", "{9F1076AA-63DF-4128-9C10-FD65E425C783}"
EndProject
Project("{FAE04EC0-301F-11D3-BF4B-00C04F79EFBC}") = "AudioDeviceCmdlets", "AudioDeviceCmdlets\AudioDeviceCmdlets.csproj", "{DFAE17B6-5321-4089-BD8B-B833BD5D7168}"
EndProject
Global
	GlobalSection(SolutionConfigurationPlatforms) = preSolution
		Debug|Any CPU = Debug|Any CPU
		Debug|Mixed Platforms = Debug|Mixed Platforms
		Debug|x86 = Debug|x86
		Release|Any CPU = Release|Any CPU
		Release|Mixed Platforms = Release|Mixed Platforms
		Release|x86 = Release|x86
	EndGlobalSection
	GlobalSection(ProjectConfigurationPlatforms) = postSolution
		{9F1076AA-63DF-4128-9C10-FD65E425C783}.Debug|Any CPU.ActiveCfg = Debug|Any CPU
		{9F1076AA-63DF-4128-9C10-FD65E425C783}.Debug|Any CPU.Build.0 = Debug|Any CPU
		{9F1076AA-63DF-4128-9C10-FD65E425C783}.Debug|Mixed Platforms.ActiveCfg = Debug|x86
		{9F1076AA-63DF-4128-9C10-FD65E425C783}.Debug|Mixed Platforms.Build.0 = Debug|x86
		{9F1076AA-63DF-4128-9C10-FD65E425C783}.Debug|x86.ActiveCfg = Debug|x86
		{9F1076AA-63DF-4128-9C10-FD65E425C783}.Debug|x86.Build.0 = Debug|x86
		{9F1076AA-63DF-4128-9C10-FD65E425C783}.Release|Any CPU.ActiveCfg = Release|Any CPU
		{9F1076AA-63DF-4128-9C10-FD65E425C783}.Release|Any CPU.Build.0 = Release|Any CPU
		{9F1076AA-63DF-4128-9C10-FD65E425C783}.Release|Mixed Platforms.ActiveCfg = Release|Any CPU
		{9F1076AA-63DF-4128-9C10-FD65E425C783}.Release|Mixed Platforms.Build.0 = Release|Any CPU
		{9F1076AA-63DF-4128-9C10-FD65E425C783}.Release|x86.ActiveCfg = Release|x86
		{9F1076AA-63DF-4128-9C10-FD65E425C783}.Release|x86.Build.0 = Release|x86
		{DFAE17B6-5321-4089-BD8B-B833BD5D7168}.Debug|Any CPU.ActiveCfg = Debug|Any CPU
		{DFAE17B6-5321-4089-BD8B-B833BD5D7168}.Debug|Any CPU.Build.0 = Debug|Any CPU
		{DFAE17B6-5321-4089-BD8B-B833BD5D7168}.Debug|Mixed Platforms.ActiveCfg = Debug|Any CPU
		{DFAE17B6-5321-4089-BD8B-B833BD5D7168}.Debug|Mixed Platforms.Build.0 = Debug|Any CPU
		{DFAE17B6-5321-4089-BD8B-B833BD5D7168}.Debug|x86.ActiveCfg = Debug|Any CPU
		{DFAE17B6-5321-4089-BD8B-B833BD5D7168}.Release|Any CPU.ActiveCfg = Release|Any CPU
		{DFAE17B6-5321-4089-BD8B-B833BD5D7168}.Release|Any CPU.Build.0 = Release|Any CPU
		{DFAE17B6-5321-4089-BD8B-B833BD5D7168}.Release|Mixed Platforms.ActiveCfg = Release|Any CPU
		{DFAE17B6-5321-4089-BD8B-B833BD5D7168}.Release|Mixed Platforms.Build.0 = Release|Any CPU
		{DFAE17B6-5321-4089-BD8B-B833BD5D7168}.Release|x86.ActiveCfg = Release|Any CPU
	EndGlobalSection
	GlobalSection(SolutionProperties) = preSolution
		HideSolutionNode = FALSE
	EndGlobalSection
EndGlobal
